// !$*UTF8*$!
{
	archiveVersion = 1;
	classes = {
	};
	objectVersion = 51;
	objects = {

/* Begin PBXBuildFile section */
		2BD20C9D87C530596116E85F /* Pods_Wbooks.framework in Frameworks */ = {isa = PBXBuildFile; fileRef = D3F7571156349EF7DA93FB8D /* Pods_Wbooks.framework */; };
		52502D460CC570604C8A5908 /* Pods_Wbooks_WbooksUITests.framework in Frameworks */ = {isa = PBXBuildFile; fileRef = 65F882ED81AD8D8B6D5BD2B7 /* Pods_Wbooks_WbooksUITests.framework */; };
		A0417385261E2CC8004EAF62 /* LibraryView.xib in Resources */ = {isa = PBXBuildFile; fileRef = A0417384261E2CC8004EAF62 /* LibraryView.xib */; };
		A041738A261E2CF2004EAF62 /* LibraryView.swift in Sources */ = {isa = PBXBuildFile; fileRef = A0417389261E2CF2004EAF62 /* LibraryView.swift */; };
		A042B51C261F6EB40039CF73 /* CustomCell.swift in Sources */ = {isa = PBXBuildFile; fileRef = A042B51A261F6EB40039CF73 /* CustomCell.swift */; };
		A042B51D261F6EB40039CF73 /* CustomCell.xib in Resources */ = {isa = PBXBuildFile; fileRef = A042B51B261F6EB40039CF73 /* CustomCell.xib */; };
		A042B525261F7CA80039CF73 /* Book.swift in Sources */ = {isa = PBXBuildFile; fileRef = A042B524261F7CA80039CF73 /* Book.swift */; };
		A054A59D261B4AC40092926E /* AppDelegate.swift in Sources */ = {isa = PBXBuildFile; fileRef = A054A59C261B4AC40092926E /* AppDelegate.swift */; };
		A054A59F261B4AC40092926E /* SceneDelegate.swift in Sources */ = {isa = PBXBuildFile; fileRef = A054A59E261B4AC40092926E /* SceneDelegate.swift */; };
		A054A5A6261B4AC50092926E /* Assets.xcassets in Resources */ = {isa = PBXBuildFile; fileRef = A054A5A5261B4AC50092926E /* Assets.xcassets */; };
		A054A5A9261B4AC50092926E /* LaunchScreen.storyboard in Resources */ = {isa = PBXBuildFile; fileRef = A054A5A7261B4AC50092926E /* LaunchScreen.storyboard */; };
		A054A5B4261B4AC50092926E /* WbooksTests.swift in Sources */ = {isa = PBXBuildFile; fileRef = A054A5B3261B4AC50092926E /* WbooksTests.swift */; };
		A054A5BF261B4AC50092926E /* WbooksUITests.swift in Sources */ = {isa = PBXBuildFile; fileRef = A054A5BE261B4AC50092926E /* WbooksUITests.swift */; };
		A05ABAA2261CC3B40080619A /* Enviroment.swift in Sources */ = {isa = PBXBuildFile; fileRef = A05ABAA1261CC3B40080619A /* Enviroment.swift */; };
		A072D939261CF42D002DBD0F /* NibView.swift in Sources */ = {isa = PBXBuildFile; fileRef = A072D938261CF42D002DBD0F /* NibView.swift */; };
		A072D93E261CF476002DBD0F /* MainViewController.swift in Sources */ = {isa = PBXBuildFile; fileRef = A072D93D261CF476002DBD0F /* MainViewController.swift */; };
		A072D943261CF4C3002DBD0F /* MainView.swift in Sources */ = {isa = PBXBuildFile; fileRef = A072D942261CF4C3002DBD0F /* MainView.swift */; };
		A072D977261D0179002DBD0F /* MainView.xib in Resources */ = {isa = PBXBuildFile; fileRef = A072D976261D0179002DBD0F /* MainView.xib */; };
		A09AE8AE261F559700F8B1F9 /* LibraryController.swift in Sources */ = {isa = PBXBuildFile; fileRef = A09AE8AD261F559700F8B1F9 /* LibraryController.swift */; };
		B06BEAE84E3DA9FFE055DF01 /* Pods_WbooksTests.framework in Frameworks */ = {isa = PBXBuildFile; fileRef = 6822E8920181DCD5FEF2755C /* Pods_WbooksTests.framework */; };
/* End PBXBuildFile section */

/* Begin PBXContainerItemProxy section */
		A054A5B0261B4AC50092926E /* PBXContainerItemProxy */ = {
			isa = PBXContainerItemProxy;
			containerPortal = A054A591261B4AC40092926E /* Project object */;
			proxyType = 1;
			remoteGlobalIDString = A054A598261B4AC40092926E;
			remoteInfo = Wbooks;
		};
		A054A5BB261B4AC50092926E /* PBXContainerItemProxy */ = {
			isa = PBXContainerItemProxy;
			containerPortal = A054A591261B4AC40092926E /* Project object */;
			proxyType = 1;
			remoteGlobalIDString = A054A598261B4AC40092926E;
			remoteInfo = Wbooks;
		};
/* End PBXContainerItemProxy section */

/* Begin PBXFileReference section */
		0DBD32EEEC67677CBD36388A /* Pods-Wbooks.release.xcconfig */ = {isa = PBXFileReference; includeInIndex = 1; lastKnownFileType = text.xcconfig; name = "Pods-Wbooks.release.xcconfig"; path = "Target Support Files/Pods-Wbooks/Pods-Wbooks.release.xcconfig"; sourceTree = "<group>"; };
		45E316C21DBA6C02162593B4 /* Pods-Wbooks-WbooksUITests.debug.xcconfig */ = {isa = PBXFileReference; includeInIndex = 1; lastKnownFileType = text.xcconfig; name = "Pods-Wbooks-WbooksUITests.debug.xcconfig"; path = "Target Support Files/Pods-Wbooks-WbooksUITests/Pods-Wbooks-WbooksUITests.debug.xcconfig"; sourceTree = "<group>"; };
		65F882ED81AD8D8B6D5BD2B7 /* Pods_Wbooks_WbooksUITests.framework */ = {isa = PBXFileReference; explicitFileType = wrapper.framework; includeInIndex = 0; path = Pods_Wbooks_WbooksUITests.framework; sourceTree = BUILT_PRODUCTS_DIR; };
		6822E8920181DCD5FEF2755C /* Pods_WbooksTests.framework */ = {isa = PBXFileReference; explicitFileType = wrapper.framework; includeInIndex = 0; path = Pods_WbooksTests.framework; sourceTree = BUILT_PRODUCTS_DIR; };
		83B9CF8A99B83C1F7131F1D4 /* Pods-WbooksTests.release.xcconfig */ = {isa = PBXFileReference; includeInIndex = 1; lastKnownFileType = text.xcconfig; name = "Pods-WbooksTests.release.xcconfig"; path = "Target Support Files/Pods-WbooksTests/Pods-WbooksTests.release.xcconfig"; sourceTree = "<group>"; };
		8571F9EC64ECF8E76D463F8F /* Pods-Wbooks-WbooksUITests.release.xcconfig */ = {isa = PBXFileReference; includeInIndex = 1; lastKnownFileType = text.xcconfig; name = "Pods-Wbooks-WbooksUITests.release.xcconfig"; path = "Target Support Files/Pods-Wbooks-WbooksUITests/Pods-Wbooks-WbooksUITests.release.xcconfig"; sourceTree = "<group>"; };
		A041732A261E0B27004EAF62 /* BaseConfiguration.xcconfig */ = {isa = PBXFileReference; lastKnownFileType = text.xcconfig; name = BaseConfiguration.xcconfig; path = ConfigurationFiles/BaseConfiguration.xcconfig; sourceTree = "<group>"; };
		A041732B261E0B45004EAF62 /* Debug.xcconfig */ = {isa = PBXFileReference; lastKnownFileType = text.xcconfig; name = Debug.xcconfig; path = ConfigurationFiles/Debug.xcconfig; sourceTree = "<group>"; };
		A041732C261E0B67004EAF62 /* Release.xcconfig */ = {isa = PBXFileReference; lastKnownFileType = text.xcconfig; name = Release.xcconfig; path = ConfigurationFiles/Release.xcconfig; sourceTree = "<group>"; };
		A0417384261E2CC8004EAF62 /* LibraryView.xib */ = {isa = PBXFileReference; lastKnownFileType = file.xib; path = LibraryView.xib; sourceTree = "<group>"; };
		A0417389261E2CF2004EAF62 /* LibraryView.swift */ = {isa = PBXFileReference; lastKnownFileType = sourcecode.swift; path = LibraryView.swift; sourceTree = "<group>"; };
		A042B51A261F6EB40039CF73 /* CustomCell.swift */ = {isa = PBXFileReference; lastKnownFileType = sourcecode.swift; path = CustomCell.swift; sourceTree = "<group>"; };
		A042B51B261F6EB40039CF73 /* CustomCell.xib */ = {isa = PBXFileReference; lastKnownFileType = file.xib; path = CustomCell.xib; sourceTree = "<group>"; };
		A042B524261F7CA80039CF73 /* Book.swift */ = {isa = PBXFileReference; lastKnownFileType = sourcecode.swift; path = Book.swift; sourceTree = "<group>"; };
		A054A599261B4AC40092926E /* Wbooks.app */ = {isa = PBXFileReference; explicitFileType = wrapper.application; includeInIndex = 0; path = Wbooks.app; sourceTree = BUILT_PRODUCTS_DIR; };
		A054A59C261B4AC40092926E /* AppDelegate.swift */ = {isa = PBXFileReference; lastKnownFileType = sourcecode.swift; path = AppDelegate.swift; sourceTree = "<group>"; };
		A054A59E261B4AC40092926E /* SceneDelegate.swift */ = {isa = PBXFileReference; lastKnownFileType = sourcecode.swift; path = SceneDelegate.swift; sourceTree = "<group>"; };
		A054A5A5261B4AC50092926E /* Assets.xcassets */ = {isa = PBXFileReference; lastKnownFileType = folder.assetcatalog; path = Assets.xcassets; sourceTree = "<group>"; };
		A054A5A8261B4AC50092926E /* Base */ = {isa = PBXFileReference; lastKnownFileType = file.storyboard; name = Base; path = Base.lproj/LaunchScreen.storyboard; sourceTree = "<group>"; };
		A054A5AA261B4AC50092926E /* Info.plist */ = {isa = PBXFileReference; lastKnownFileType = text.plist.xml; path = Info.plist; sourceTree = "<group>"; };
		A054A5AF261B4AC50092926E /* WbooksTests.xctest */ = {isa = PBXFileReference; explicitFileType = wrapper.cfbundle; includeInIndex = 0; path = WbooksTests.xctest; sourceTree = BUILT_PRODUCTS_DIR; };
		A054A5B3261B4AC50092926E /* WbooksTests.swift */ = {isa = PBXFileReference; lastKnownFileType = sourcecode.swift; path = WbooksTests.swift; sourceTree = "<group>"; };
		A054A5B5261B4AC50092926E /* Info.plist */ = {isa = PBXFileReference; lastKnownFileType = text.plist.xml; path = Info.plist; sourceTree = "<group>"; };
		A054A5BA261B4AC50092926E /* WbooksUITests.xctest */ = {isa = PBXFileReference; explicitFileType = wrapper.cfbundle; includeInIndex = 0; path = WbooksUITests.xctest; sourceTree = BUILT_PRODUCTS_DIR; };
		A054A5BE261B4AC50092926E /* WbooksUITests.swift */ = {isa = PBXFileReference; lastKnownFileType = sourcecode.swift; path = WbooksUITests.swift; sourceTree = "<group>"; };
		A054A5C0261B4AC50092926E /* Info.plist */ = {isa = PBXFileReference; lastKnownFileType = text.plist.xml; path = Info.plist; sourceTree = "<group>"; };
		A05ABAA1261CC3B40080619A /* Enviroment.swift */ = {isa = PBXFileReference; lastKnownFileType = sourcecode.swift; path = Enviroment.swift; sourceTree = "<group>"; };
		A072D938261CF42D002DBD0F /* NibView.swift */ = {isa = PBXFileReference; lastKnownFileType = sourcecode.swift; path = NibView.swift; sourceTree = "<group>"; };
		A072D93D261CF476002DBD0F /* MainViewController.swift */ = {isa = PBXFileReference; lastKnownFileType = sourcecode.swift; path = MainViewController.swift; sourceTree = "<group>"; };
		A072D942261CF4C3002DBD0F /* MainView.swift */ = {isa = PBXFileReference; lastKnownFileType = sourcecode.swift; path = MainView.swift; sourceTree = "<group>"; };
		A072D976261D0179002DBD0F /* MainView.xib */ = {isa = PBXFileReference; lastKnownFileType = file.xib; path = MainView.xib; sourceTree = "<group>"; };
		A09AE8AD261F559700F8B1F9 /* LibraryController.swift */ = {isa = PBXFileReference; lastKnownFileType = sourcecode.swift; path = LibraryController.swift; sourceTree = "<group>"; };
		BAECCA2CB363664C7CFD6CC0 /* Pods-Wbooks.debug.xcconfig */ = {isa = PBXFileReference; includeInIndex = 1; lastKnownFileType = text.xcconfig; name = "Pods-Wbooks.debug.xcconfig"; path = "Target Support Files/Pods-Wbooks/Pods-Wbooks.debug.xcconfig"; sourceTree = "<group>"; };
		D3F7571156349EF7DA93FB8D /* Pods_Wbooks.framework */ = {isa = PBXFileReference; explicitFileType = wrapper.framework; includeInIndex = 0; path = Pods_Wbooks.framework; sourceTree = BUILT_PRODUCTS_DIR; };
		F8EB7323FF6250F83E4EBABF /* Pods-WbooksTests.debug.xcconfig */ = {isa = PBXFileReference; includeInIndex = 1; lastKnownFileType = text.xcconfig; name = "Pods-WbooksTests.debug.xcconfig"; path = "Target Support Files/Pods-WbooksTests/Pods-WbooksTests.debug.xcconfig"; sourceTree = "<group>"; };
/* End PBXFileReference section */

/* Begin PBXFrameworksBuildPhase section */
		A054A596261B4AC40092926E /* Frameworks */ = {
			isa = PBXFrameworksBuildPhase;
			buildActionMask = 2147483647;
			files = (
				2BD20C9D87C530596116E85F /* Pods_Wbooks.framework in Frameworks */,
			);
			runOnlyForDeploymentPostprocessing = 0;
		};
		A054A5AC261B4AC50092926E /* Frameworks */ = {
			isa = PBXFrameworksBuildPhase;
			buildActionMask = 2147483647;
			files = (
				B06BEAE84E3DA9FFE055DF01 /* Pods_WbooksTests.framework in Frameworks */,
			);
			runOnlyForDeploymentPostprocessing = 0;
		};
		A054A5B7261B4AC50092926E /* Frameworks */ = {
			isa = PBXFrameworksBuildPhase;
			buildActionMask = 2147483647;
			files = (
				52502D460CC570604C8A5908 /* Pods_Wbooks_WbooksUITests.framework in Frameworks */,
			);
			runOnlyForDeploymentPostprocessing = 0;
		};
/* End PBXFrameworksBuildPhase section */

/* Begin PBXGroup section */
		1CB5BF225F64EC3A88ABD8D3 /* Frameworks */ = {
			isa = PBXGroup;
			children = (
				D3F7571156349EF7DA93FB8D /* Pods_Wbooks.framework */,
				65F882ED81AD8D8B6D5BD2B7 /* Pods_Wbooks_WbooksUITests.framework */,
				6822E8920181DCD5FEF2755C /* Pods_WbooksTests.framework */,
			);
			name = Frameworks;
			sourceTree = "<group>";
		};
		A042B521261F7C310039CF73 /* Main */ = {
			isa = PBXGroup;
			children = (
				A072D93D261CF476002DBD0F /* MainViewController.swift */,
				A072D942261CF4C3002DBD0F /* MainView.swift */,
				A072D976261D0179002DBD0F /* MainView.xib */,
			);
			path = Main;
			sourceTree = "<group>";
		};
		A042B522261F7C490039CF73 /* Library */ = {
			isa = PBXGroup;
			children = (
				A09AE8AD261F559700F8B1F9 /* LibraryController.swift */,
				A0417389261E2CF2004EAF62 /* LibraryView.swift */,
				A0417384261E2CC8004EAF62 /* LibraryView.xib */,
			);
			path = Library;
			sourceTree = "<group>";
		};
		A042B523261F7C6C0039CF73 /* Cell */ = {
			isa = PBXGroup;
			children = (
				A042B51A261F6EB40039CF73 /* CustomCell.swift */,
				A042B51B261F6EB40039CF73 /* CustomCell.xib */,
			);
			path = Cell;
			sourceTree = "<group>";
		};
		A054A590261B4AC40092926E = {
			isa = PBXGroup;
			children = (
				A041732A261E0B27004EAF62 /* BaseConfiguration.xcconfig */,
				A041732B261E0B45004EAF62 /* Debug.xcconfig */,
				A041732C261E0B67004EAF62 /* Release.xcconfig */,
				A054A59B261B4AC40092926E /* Wbooks */,
				A054A5B2261B4AC50092926E /* WbooksTests */,
				A054A5BD261B4AC50092926E /* WbooksUITests */,
				A054A59A261B4AC40092926E /* Products */,
				E9E1A8890AA845EFEC1ADC64 /* Pods */,
				1CB5BF225F64EC3A88ABD8D3 /* Frameworks */,
			);
			sourceTree = "<group>";
		};
		A054A59A261B4AC40092926E /* Products */ = {
			isa = PBXGroup;
			children = (
				A054A599261B4AC40092926E /* Wbooks.app */,
				A054A5AF261B4AC50092926E /* WbooksTests.xctest */,
				A054A5BA261B4AC50092926E /* WbooksUITests.xctest */,
			);
			name = Products;
			sourceTree = "<group>";
		};
		A054A59B261B4AC40092926E /* Wbooks */ = {
			isa = PBXGroup;
			children = (
				A042B523261F7C6C0039CF73 /* Cell */,
				A042B522261F7C490039CF73 /* Library */,
				A042B521261F7C310039CF73 /* Main */,
				A054A59C261B4AC40092926E /* AppDelegate.swift */,
				A054A59E261B4AC40092926E /* SceneDelegate.swift */,
				A042B524261F7CA80039CF73 /* Book.swift */,
				A05ABAA1261CC3B40080619A /* Enviroment.swift */,
				A072D938261CF42D002DBD0F /* NibView.swift */,
				A054A5A5261B4AC50092926E /* Assets.xcassets */,
				A054A5A7261B4AC50092926E /* LaunchScreen.storyboard */,
				A054A5AA261B4AC50092926E /* Info.plist */,
			);
			path = Wbooks;
			sourceTree = "<group>";
		};
		A054A5B2261B4AC50092926E /* WbooksTests */ = {
			isa = PBXGroup;
			children = (
				A054A5B3261B4AC50092926E /* WbooksTests.swift */,
				A054A5B5261B4AC50092926E /* Info.plist */,
			);
			path = WbooksTests;
			sourceTree = "<group>";
		};
		A054A5BD261B4AC50092926E /* WbooksUITests */ = {
			isa = PBXGroup;
			children = (
				A054A5BE261B4AC50092926E /* WbooksUITests.swift */,
				A054A5C0261B4AC50092926E /* Info.plist */,
			);
			path = WbooksUITests;
			sourceTree = "<group>";
		};
		E9E1A8890AA845EFEC1ADC64 /* Pods */ = {
			isa = PBXGroup;
			children = (
				BAECCA2CB363664C7CFD6CC0 /* Pods-Wbooks.debug.xcconfig */,
				0DBD32EEEC67677CBD36388A /* Pods-Wbooks.release.xcconfig */,
				45E316C21DBA6C02162593B4 /* Pods-Wbooks-WbooksUITests.debug.xcconfig */,
				8571F9EC64ECF8E76D463F8F /* Pods-Wbooks-WbooksUITests.release.xcconfig */,
				F8EB7323FF6250F83E4EBABF /* Pods-WbooksTests.debug.xcconfig */,
				83B9CF8A99B83C1F7131F1D4 /* Pods-WbooksTests.release.xcconfig */,
			);
			path = Pods;
			sourceTree = "<group>";
		};
/* End PBXGroup section */

/* Begin PBXNativeTarget section */
		A054A598261B4AC40092926E /* Wbooks */ = {
			isa = PBXNativeTarget;
			buildConfigurationList = A054A5C3261B4AC50092926E /* Build configuration list for PBXNativeTarget "Wbooks" */;
			buildPhases = (
				6EAE512C10CAAD30E58CAC29 /* [CP] Check Pods Manifest.lock */,
				A054A595261B4AC40092926E /* Sources */,
				A054A596261B4AC40092926E /* Frameworks */,
				A054A597261B4AC40092926E /* Resources */,
				E330C58C1F38C0FE867513C4 /* [CP] Embed Pods Frameworks */,
				A05ABA9D261CB0A40080619A /* Run Script */,
			);
			buildRules = (
			);
			dependencies = (
			);
			name = Wbooks;
			productName = Wbooks;
			productReference = A054A599261B4AC40092926E /* Wbooks.app */;
			productType = "com.apple.product-type.application";
		};
		A054A5AE261B4AC50092926E /* WbooksTests */ = {
			isa = PBXNativeTarget;
			buildConfigurationList = A054A5C6261B4AC50092926E /* Build configuration list for PBXNativeTarget "WbooksTests" */;
			buildPhases = (
				F2A83C446E5242791D6B8002 /* [CP] Check Pods Manifest.lock */,
				A054A5AB261B4AC50092926E /* Sources */,
				A054A5AC261B4AC50092926E /* Frameworks */,
				A054A5AD261B4AC50092926E /* Resources */,
			);
			buildRules = (
			);
			dependencies = (
				A054A5B1261B4AC50092926E /* PBXTargetDependency */,
			);
			name = WbooksTests;
			productName = WbooksTests;
			productReference = A054A5AF261B4AC50092926E /* WbooksTests.xctest */;
			productType = "com.apple.product-type.bundle.unit-test";
		};
		A054A5B9261B4AC50092926E /* WbooksUITests */ = {
			isa = PBXNativeTarget;
			buildConfigurationList = A054A5C9261B4AC50092926E /* Build configuration list for PBXNativeTarget "WbooksUITests" */;
			buildPhases = (
				CBAF74AB4820F79106EB9078 /* [CP] Check Pods Manifest.lock */,
				A054A5B6261B4AC50092926E /* Sources */,
				A054A5B7261B4AC50092926E /* Frameworks */,
				A054A5B8261B4AC50092926E /* Resources */,
				C01F48AADBA353ADBEED3191 /* [CP] Embed Pods Frameworks */,
			);
			buildRules = (
			);
			dependencies = (
				A054A5BC261B4AC50092926E /* PBXTargetDependency */,
			);
			name = WbooksUITests;
			productName = WbooksUITests;
			productReference = A054A5BA261B4AC50092926E /* WbooksUITests.xctest */;
			productType = "com.apple.product-type.bundle.ui-testing";
		};
/* End PBXNativeTarget section */

/* Begin PBXProject section */
		A054A591261B4AC40092926E /* Project object */ = {
			isa = PBXProject;
			attributes = {
				LastSwiftUpdateCheck = 1240;
				LastUpgradeCheck = 1240;
				TargetAttributes = {
					A054A598261B4AC40092926E = {
						CreatedOnToolsVersion = 12.4;
					};
					A054A5AE261B4AC50092926E = {
						CreatedOnToolsVersion = 12.4;
						TestTargetID = A054A598261B4AC40092926E;
					};
					A054A5B9261B4AC50092926E = {
						CreatedOnToolsVersion = 12.4;
						TestTargetID = A054A598261B4AC40092926E;
					};
				};
			};
			buildConfigurationList = A054A594261B4AC40092926E /* Build configuration list for PBXProject "Wbooks" */;
			compatibilityVersion = "Xcode 9.3";
			developmentRegion = en;
			hasScannedForEncodings = 0;
			knownRegions = (
				en,
				Base,
			);
			mainGroup = A054A590261B4AC40092926E;
			productRefGroup = A054A59A261B4AC40092926E /* Products */;
			projectDirPath = "";
			projectRoot = "";
			targets = (
				A054A598261B4AC40092926E /* Wbooks */,
				A054A5AE261B4AC50092926E /* WbooksTests */,
				A054A5B9261B4AC50092926E /* WbooksUITests */,
			);
		};
/* End PBXProject section */

/* Begin PBXResourcesBuildPhase section */
		A054A597261B4AC40092926E /* Resources */ = {
			isa = PBXResourcesBuildPhase;
			buildActionMask = 2147483647;
			files = (
				A042B51D261F6EB40039CF73 /* CustomCell.xib in Resources */,
				A0417385261E2CC8004EAF62 /* LibraryView.xib in Resources */,
				A072D977261D0179002DBD0F /* MainView.xib in Resources */,
				A054A5A9261B4AC50092926E /* LaunchScreen.storyboard in Resources */,
				A054A5A6261B4AC50092926E /* Assets.xcassets in Resources */,
			);
			runOnlyForDeploymentPostprocessing = 0;
		};
		A054A5AD261B4AC50092926E /* Resources */ = {
			isa = PBXResourcesBuildPhase;
			buildActionMask = 2147483647;
			files = (
			);
			runOnlyForDeploymentPostprocessing = 0;
		};
		A054A5B8261B4AC50092926E /* Resources */ = {
			isa = PBXResourcesBuildPhase;
			buildActionMask = 2147483647;
			files = (
			);
			runOnlyForDeploymentPostprocessing = 0;
		};
/* End PBXResourcesBuildPhase section */

/* Begin PBXShellScriptBuildPhase section */
		6EAE512C10CAAD30E58CAC29 /* [CP] Check Pods Manifest.lock */ = {
			isa = PBXShellScriptBuildPhase;
			buildActionMask = 2147483647;
			files = (
			);
			inputFileListPaths = (
			);
			inputPaths = (
				"${PODS_PODFILE_DIR_PATH}/Podfile.lock",
				"${PODS_ROOT}/Manifest.lock",
			);
			name = "[CP] Check Pods Manifest.lock";
			outputFileListPaths = (
			);
			outputPaths = (
				"$(DERIVED_FILE_DIR)/Pods-Wbooks-checkManifestLockResult.txt",
			);
			runOnlyForDeploymentPostprocessing = 0;
			shellPath = /bin/sh;
			shellScript = "diff \"${PODS_PODFILE_DIR_PATH}/Podfile.lock\" \"${PODS_ROOT}/Manifest.lock\" > /dev/null\nif [ $? != 0 ] ; then\n    # print error to STDERR\n    echo \"error: The sandbox is not in sync with the Podfile.lock. Run 'pod install' or update your CocoaPods installation.\" >&2\n    exit 1\nfi\n# This output is used by Xcode 'outputs' to avoid re-running this script phase.\necho \"SUCCESS\" > \"${SCRIPT_OUTPUT_FILE_0}\"\n";
			showEnvVarsInLog = 0;
		};
		A05ABA9D261CB0A40080619A /* Run Script */ = {
			isa = PBXShellScriptBuildPhase;
			buildActionMask = 2147483647;
			files = (
			);
			inputFileListPaths = (
			);
			inputPaths = (
			);
			name = "Run Script";
			outputFileListPaths = (
			);
			outputPaths = (
			);
			runOnlyForDeploymentPostprocessing = 0;
			shellPath = /bin/sh;
			shellScript = "if which swiftlint >/dev/null; then\n  swiftlint autocorrect && swiftlint\nelse\n  echo \"warning: SwiftLint not installed, download from https://github.com/realm/SwiftLint\"\nfi\n";
		};
		C01F48AADBA353ADBEED3191 /* [CP] Embed Pods Frameworks */ = {
			isa = PBXShellScriptBuildPhase;
			buildActionMask = 2147483647;
			files = (
			);
			inputFileListPaths = (
				"${PODS_ROOT}/Target Support Files/Pods-Wbooks-WbooksUITests/Pods-Wbooks-WbooksUITests-frameworks-${CONFIGURATION}-input-files.xcfilelist",
			);
			name = "[CP] Embed Pods Frameworks";
			outputFileListPaths = (
				"${PODS_ROOT}/Target Support Files/Pods-Wbooks-WbooksUITests/Pods-Wbooks-WbooksUITests-frameworks-${CONFIGURATION}-output-files.xcfilelist",
			);
			runOnlyForDeploymentPostprocessing = 0;
			shellPath = /bin/sh;
			shellScript = "\"${PODS_ROOT}/Target Support Files/Pods-Wbooks-WbooksUITests/Pods-Wbooks-WbooksUITests-frameworks.sh\"\n";
			showEnvVarsInLog = 0;
		};
		CBAF74AB4820F79106EB9078 /* [CP] Check Pods Manifest.lock */ = {
			isa = PBXShellScriptBuildPhase;
			buildActionMask = 2147483647;
			files = (
			);
			inputFileListPaths = (
			);
			inputPaths = (
				"${PODS_PODFILE_DIR_PATH}/Podfile.lock",
				"${PODS_ROOT}/Manifest.lock",
			);
			name = "[CP] Check Pods Manifest.lock";
			outputFileListPaths = (
			);
			outputPaths = (
				"$(DERIVED_FILE_DIR)/Pods-Wbooks-WbooksUITests-checkManifestLockResult.txt",
			);
			runOnlyForDeploymentPostprocessing = 0;
			shellPath = /bin/sh;
			shellScript = "diff \"${PODS_PODFILE_DIR_PATH}/Podfile.lock\" \"${PODS_ROOT}/Manifest.lock\" > /dev/null\nif [ $? != 0 ] ; then\n    # print error to STDERR\n    echo \"error: The sandbox is not in sync with the Podfile.lock. Run 'pod install' or update your CocoaPods installation.\" >&2\n    exit 1\nfi\n# This output is used by Xcode 'outputs' to avoid re-running this script phase.\necho \"SUCCESS\" > \"${SCRIPT_OUTPUT_FILE_0}\"\n";
			showEnvVarsInLog = 0;
		};
		E330C58C1F38C0FE867513C4 /* [CP] Embed Pods Frameworks */ = {
			isa = PBXShellScriptBuildPhase;
			buildActionMask = 2147483647;
			files = (
			);
			inputFileListPaths = (
				"${PODS_ROOT}/Target Support Files/Pods-Wbooks/Pods-Wbooks-frameworks-${CONFIGURATION}-input-files.xcfilelist",
			);
			name = "[CP] Embed Pods Frameworks";
			outputFileListPaths = (
				"${PODS_ROOT}/Target Support Files/Pods-Wbooks/Pods-Wbooks-frameworks-${CONFIGURATION}-output-files.xcfilelist",
			);
			runOnlyForDeploymentPostprocessing = 0;
			shellPath = /bin/sh;
			shellScript = "\"${PODS_ROOT}/Target Support Files/Pods-Wbooks/Pods-Wbooks-frameworks.sh\"\n";
			showEnvVarsInLog = 0;
		};
		F2A83C446E5242791D6B8002 /* [CP] Check Pods Manifest.lock */ = {
			isa = PBXShellScriptBuildPhase;
			buildActionMask = 2147483647;
			files = (
			);
			inputFileListPaths = (
			);
			inputPaths = (
				"${PODS_PODFILE_DIR_PATH}/Podfile.lock",
				"${PODS_ROOT}/Manifest.lock",
			);
			name = "[CP] Check Pods Manifest.lock";
			outputFileListPaths = (
			);
			outputPaths = (
				"$(DERIVED_FILE_DIR)/Pods-WbooksTests-checkManifestLockResult.txt",
			);
			runOnlyForDeploymentPostprocessing = 0;
			shellPath = /bin/sh;
			shellScript = "diff \"${PODS_PODFILE_DIR_PATH}/Podfile.lock\" \"${PODS_ROOT}/Manifest.lock\" > /dev/null\nif [ $? != 0 ] ; then\n    # print error to STDERR\n    echo \"error: The sandbox is not in sync with the Podfile.lock. Run 'pod install' or update your CocoaPods installation.\" >&2\n    exit 1\nfi\n# This output is used by Xcode 'outputs' to avoid re-running this script phase.\necho \"SUCCESS\" > \"${SCRIPT_OUTPUT_FILE_0}\"\n";
			showEnvVarsInLog = 0;
		};
/* End PBXShellScriptBuildPhase section */

/* Begin PBXSourcesBuildPhase section */
		A054A595261B4AC40092926E /* Sources */ = {
			isa = PBXSourcesBuildPhase;
			buildActionMask = 2147483647;
			files = (
				A041738A261E2CF2004EAF62 /* LibraryView.swift in Sources */,
				A072D943261CF4C3002DBD0F /* MainView.swift in Sources */,
				A054A59D261B4AC40092926E /* AppDelegate.swift in Sources */,
				A05ABAA2261CC3B40080619A /* Enviroment.swift in Sources */,
				A042B51C261F6EB40039CF73 /* CustomCell.swift in Sources */,
				A072D93E261CF476002DBD0F /* MainViewController.swift in Sources */,
				A054A59F261B4AC40092926E /* SceneDelegate.swift in Sources */,
				A09AE8AE261F559700F8B1F9 /* LibraryController.swift in Sources */,
				A042B525261F7CA80039CF73 /* Book.swift in Sources */,
				A072D939261CF42D002DBD0F /* NibView.swift in Sources */,
			);
			runOnlyForDeploymentPostprocessing = 0;
		};
		A054A5AB261B4AC50092926E /* Sources */ = {
			isa = PBXSourcesBuildPhase;
			buildActionMask = 2147483647;
			files = (
				A054A5B4261B4AC50092926E /* WbooksTests.swift in Sources */,
			);
			runOnlyForDeploymentPostprocessing = 0;
		};
		A054A5B6261B4AC50092926E /* Sources */ = {
			isa = PBXSourcesBuildPhase;
			buildActionMask = 2147483647;
			files = (
				A054A5BF261B4AC50092926E /* WbooksUITests.swift in Sources */,
			);
			runOnlyForDeploymentPostprocessing = 0;
		};
/* End PBXSourcesBuildPhase section */

/* Begin PBXTargetDependency section */
		A054A5B1261B4AC50092926E /* PBXTargetDependency */ = {
			isa = PBXTargetDependency;
			target = A054A598261B4AC40092926E /* Wbooks */;
			targetProxy = A054A5B0261B4AC50092926E /* PBXContainerItemProxy */;
		};
		A054A5BC261B4AC50092926E /* PBXTargetDependency */ = {
			isa = PBXTargetDependency;
			target = A054A598261B4AC40092926E /* Wbooks */;
			targetProxy = A054A5BB261B4AC50092926E /* PBXContainerItemProxy */;
		};
/* End PBXTargetDependency section */

/* Begin PBXVariantGroup section */
		A054A5A7261B4AC50092926E /* LaunchScreen.storyboard */ = {
			isa = PBXVariantGroup;
			children = (
				A054A5A8261B4AC50092926E /* Base */,
			);
			name = LaunchScreen.storyboard;
			sourceTree = "<group>";
		};
/* End PBXVariantGroup section */

/* Begin XCBuildConfiguration section */
		A054A5C1261B4AC50092926E /* Debug */ = {
			isa = XCBuildConfiguration;
			baseConfigurationReference = A041732B261E0B45004EAF62 /* Debug.xcconfig */;
			buildSettings = {
				ALWAYS_SEARCH_USER_PATHS = NO;
				CLANG_ANALYZER_NONNULL = YES;
				CLANG_ANALYZER_NUMBER_OBJECT_CONVERSION = YES_AGGRESSIVE;
				CLANG_CXX_LANGUAGE_STANDARD = "gnu++14";
				CLANG_CXX_LIBRARY = "libc++";
				CLANG_ENABLE_MODULES = YES;
				CLANG_ENABLE_OBJC_ARC = YES;
				CLANG_ENABLE_OBJC_WEAK = YES;
				CLANG_WARN_BLOCK_CAPTURE_AUTORELEASING = YES;
				CLANG_WARN_BOOL_CONVERSION = YES;
				CLANG_WARN_COMMA = YES;
				CLANG_WARN_CONSTANT_CONVERSION = YES;
				CLANG_WARN_DEPRECATED_OBJC_IMPLEMENTATIONS = YES;
				CLANG_WARN_DIRECT_OBJC_ISA_USAGE = YES_ERROR;
				CLANG_WARN_DOCUMENTATION_COMMENTS = YES;
				CLANG_WARN_EMPTY_BODY = YES;
				CLANG_WARN_ENUM_CONVERSION = YES;
				CLANG_WARN_INFINITE_RECURSION = YES;
				CLANG_WARN_INT_CONVERSION = YES;
				CLANG_WARN_NON_LITERAL_NULL_CONVERSION = YES;
				CLANG_WARN_OBJC_IMPLICIT_RETAIN_SELF = YES;
				CLANG_WARN_OBJC_LITERAL_CONVERSION = YES;
				CLANG_WARN_OBJC_ROOT_CLASS = YES_ERROR;
				CLANG_WARN_QUOTED_INCLUDE_IN_FRAMEWORK_HEADER = YES;
				CLANG_WARN_RANGE_LOOP_ANALYSIS = YES;
				CLANG_WARN_STRICT_PROTOTYPES = YES;
				CLANG_WARN_SUSPICIOUS_MOVE = YES;
				CLANG_WARN_UNGUARDED_AVAILABILITY = YES_AGGRESSIVE;
				CLANG_WARN_UNREACHABLE_CODE = YES;
				CLANG_WARN__DUPLICATE_METHOD_MATCH = YES;
				COPY_PHASE_STRIP = NO;
				DEBUG_INFORMATION_FORMAT = dwarf;
				ENABLE_STRICT_OBJC_MSGSEND = YES;
				ENABLE_TESTABILITY = YES;
				GCC_C_LANGUAGE_STANDARD = gnu11;
				GCC_DYNAMIC_NO_PIC = NO;
				GCC_NO_COMMON_BLOCKS = YES;
				GCC_OPTIMIZATION_LEVEL = 0;
				GCC_PREPROCESSOR_DEFINITIONS = (
					"DEBUG=1",
					"$(inherited)",
				);
				GCC_WARN_64_TO_32_BIT_CONVERSION = YES;
				GCC_WARN_ABOUT_RETURN_TYPE = YES_ERROR;
				GCC_WARN_UNDECLARED_SELECTOR = YES;
				GCC_WARN_UNINITIALIZED_AUTOS = YES_AGGRESSIVE;
				GCC_WARN_UNUSED_FUNCTION = YES;
				GCC_WARN_UNUSED_VARIABLE = YES;
				IPHONEOS_DEPLOYMENT_TARGET = 14.4;
				MTL_ENABLE_DEBUG_INFO = INCLUDE_SOURCE;
				MTL_FAST_MATH = YES;
				ONLY_ACTIVE_ARCH = YES;
				SDKROOT = iphoneos;
				SWIFT_ACTIVE_COMPILATION_CONDITIONS = DEBUG;
				SWIFT_OPTIMIZATION_LEVEL = "-Onone";
			};
			name = Debug;
		};
		A054A5C2261B4AC50092926E /* Release */ = {
			isa = XCBuildConfiguration;
			baseConfigurationReference = A041732C261E0B67004EAF62 /* Release.xcconfig */;
			buildSettings = {
				ALWAYS_SEARCH_USER_PATHS = NO;
				CLANG_ANALYZER_NONNULL = YES;
				CLANG_ANALYZER_NUMBER_OBJECT_CONVERSION = YES_AGGRESSIVE;
				CLANG_CXX_LANGUAGE_STANDARD = "gnu++14";
				CLANG_CXX_LIBRARY = "libc++";
				CLANG_ENABLE_MODULES = YES;
				CLANG_ENABLE_OBJC_ARC = YES;
				CLANG_ENABLE_OBJC_WEAK = YES;
				CLANG_WARN_BLOCK_CAPTURE_AUTORELEASING = YES;
				CLANG_WARN_BOOL_CONVERSION = YES;
				CLANG_WARN_COMMA = YES;
				CLANG_WARN_CONSTANT_CONVERSION = YES;
				CLANG_WARN_DEPRECATED_OBJC_IMPLEMENTATIONS = YES;
				CLANG_WARN_DIRECT_OBJC_ISA_USAGE = YES_ERROR;
				CLANG_WARN_DOCUMENTATION_COMMENTS = YES;
				CLANG_WARN_EMPTY_BODY = YES;
				CLANG_WARN_ENUM_CONVERSION = YES;
				CLANG_WARN_INFINITE_RECURSION = YES;
				CLANG_WARN_INT_CONVERSION = YES;
				CLANG_WARN_NON_LITERAL_NULL_CONVERSION = YES;
				CLANG_WARN_OBJC_IMPLICIT_RETAIN_SELF = YES;
				CLANG_WARN_OBJC_LITERAL_CONVERSION = YES;
				CLANG_WARN_OBJC_ROOT_CLASS = YES_ERROR;
				CLANG_WARN_QUOTED_INCLUDE_IN_FRAMEWORK_HEADER = YES;
				CLANG_WARN_RANGE_LOOP_ANALYSIS = YES;
				CLANG_WARN_STRICT_PROTOTYPES = YES;
				CLANG_WARN_SUSPICIOUS_MOVE = YES;
				CLANG_WARN_UNGUARDED_AVAILABILITY = YES_AGGRESSIVE;
				CLANG_WARN_UNREACHABLE_CODE = YES;
				CLANG_WARN__DUPLICATE_METHOD_MATCH = YES;
				COPY_PHASE_STRIP = NO;
				DEBUG_INFORMATION_FORMAT = "dwarf-with-dsym";
				ENABLE_NS_ASSERTIONS = NO;
				ENABLE_STRICT_OBJC_MSGSEND = YES;
				GCC_C_LANGUAGE_STANDARD = gnu11;
				GCC_NO_COMMON_BLOCKS = YES;
				GCC_WARN_64_TO_32_BIT_CONVERSION = YES;
				GCC_WARN_ABOUT_RETURN_TYPE = YES_ERROR;
				GCC_WARN_UNDECLARED_SELECTOR = YES;
				GCC_WARN_UNINITIALIZED_AUTOS = YES_AGGRESSIVE;
				GCC_WARN_UNUSED_FUNCTION = YES;
				GCC_WARN_UNUSED_VARIABLE = YES;
				IPHONEOS_DEPLOYMENT_TARGET = 14.4;
				MTL_ENABLE_DEBUG_INFO = NO;
				MTL_FAST_MATH = YES;
				SDKROOT = iphoneos;
				SWIFT_COMPILATION_MODE = wholemodule;
				SWIFT_OPTIMIZATION_LEVEL = "-O";
				VALIDATE_PRODUCT = YES;
			};
			name = Release;
		};
		A054A5C4261B4AC50092926E /* Debug */ = {
			isa = XCBuildConfiguration;
			baseConfigurationReference = BAECCA2CB363664C7CFD6CC0 /* Pods-Wbooks.debug.xcconfig */;
			buildSettings = {
				ASSETCATALOG_COMPILER_APPICON_NAME = AppIcon;
				ASSETCATALOG_COMPILER_GLOBAL_ACCENT_COLOR_NAME = AccentColor;
				CODE_SIGN_STYLE = Automatic;
				INFOPLIST_FILE = Wbooks/Info.plist;
				LD_RUNPATH_SEARCH_PATHS = (
					"$(inherited)",
					"@executable_path/Frameworks",
				);
				PRODUCT_BUNDLE_IDENTIFIER = com.example.Wbooks;
				PRODUCT_NAME = "$(TARGET_NAME)";
				SWIFT_VERSION = 5.0;
				TARGETED_DEVICE_FAMILY = "1,2";
			};
			name = Debug;
		};
		A054A5C5261B4AC50092926E /* Release */ = {
			isa = XCBuildConfiguration;
			baseConfigurationReference = 0DBD32EEEC67677CBD36388A /* Pods-Wbooks.release.xcconfig */;
			buildSettings = {
				ASSETCATALOG_COMPILER_APPICON_NAME = AppIcon;
				ASSETCATALOG_COMPILER_GLOBAL_ACCENT_COLOR_NAME = AccentColor;
				CODE_SIGN_STYLE = Automatic;
				INFOPLIST_FILE = Wbooks/Info.plist;
				LD_RUNPATH_SEARCH_PATHS = (
					"$(inherited)",
					"@executable_path/Frameworks",
				);
				PRODUCT_BUNDLE_IDENTIFIER = com.example.Wbooks;
				PRODUCT_NAME = "$(TARGET_NAME)";
				SWIFT_VERSION = 5.0;
				TARGETED_DEVICE_FAMILY = "1,2";
			};
			name = Release;
		};
		A054A5C7261B4AC50092926E /* Debug */ = {
			isa = XCBuildConfiguration;
			baseConfigurationReference = F8EB7323FF6250F83E4EBABF /* Pods-WbooksTests.debug.xcconfig */;
			buildSettings = {
				ALWAYS_EMBED_SWIFT_STANDARD_LIBRARIES = YES;
				BUNDLE_LOADER = "$(TEST_HOST)";
				CODE_SIGN_STYLE = Automatic;
				INFOPLIST_FILE = WbooksTests/Info.plist;
				IPHONEOS_DEPLOYMENT_TARGET = 14.4;
				LD_RUNPATH_SEARCH_PATHS = (
					"$(inherited)",
					"@executable_path/Frameworks",
					"@loader_path/Frameworks",
				);
				PRODUCT_BUNDLE_IDENTIFIER = com.example.WbooksTests;
				PRODUCT_NAME = "$(TARGET_NAME)";
				SWIFT_VERSION = 5.0;
				TARGETED_DEVICE_FAMILY = "1,2";
				TEST_HOST = "$(BUILT_PRODUCTS_DIR)/Wbooks.app/Wbooks";
			};
			name = Debug;
		};
		A054A5C8261B4AC50092926E /* Release */ = {
			isa = XCBuildConfiguration;
			baseConfigurationReference = 83B9CF8A99B83C1F7131F1D4 /* Pods-WbooksTests.release.xcconfig */;
			buildSettings = {
				ALWAYS_EMBED_SWIFT_STANDARD_LIBRARIES = YES;
				BUNDLE_LOADER = "$(TEST_HOST)";
				CODE_SIGN_STYLE = Automatic;
				INFOPLIST_FILE = WbooksTests/Info.plist;
				IPHONEOS_DEPLOYMENT_TARGET = 14.4;
				LD_RUNPATH_SEARCH_PATHS = (
					"$(inherited)",
					"@executable_path/Frameworks",
					"@loader_path/Frameworks",
				);
				PRODUCT_BUNDLE_IDENTIFIER = com.example.WbooksTests;
				PRODUCT_NAME = "$(TARGET_NAME)";
				SWIFT_VERSION = 5.0;
				TARGETED_DEVICE_FAMILY = "1,2";
				TEST_HOST = "$(BUILT_PRODUCTS_DIR)/Wbooks.app/Wbooks";
			};
			name = Release;
		};
		A054A5CA261B4AC50092926E /* Debug */ = {
			isa = XCBuildConfiguration;
			baseConfigurationReference = 45E316C21DBA6C02162593B4 /* Pods-Wbooks-WbooksUITests.debug.xcconfig */;
			buildSettings = {
				ALWAYS_EMBED_SWIFT_STANDARD_LIBRARIES = YES;
				CODE_SIGN_STYLE = Automatic;
				INFOPLIST_FILE = WbooksUITests/Info.plist;
				LD_RUNPATH_SEARCH_PATHS = (
					"$(inherited)",
					"@executable_path/Frameworks",
					"@loader_path/Frameworks",
				);
				PRODUCT_BUNDLE_IDENTIFIER = com.example.WbooksUITests;
				PRODUCT_NAME = "$(TARGET_NAME)";
				SWIFT_VERSION = 5.0;
				TARGETED_DEVICE_FAMILY = "1,2";
				TEST_TARGET_NAME = Wbooks;
			};
			name = Debug;
		};
		A054A5CB261B4AC50092926E /* Release */ = {
			isa = XCBuildConfiguration;
			baseConfigurationReference = 8571F9EC64ECF8E76D463F8F /* Pods-Wbooks-WbooksUITests.release.xcconfig */;
			buildSettings = {
				ALWAYS_EMBED_SWIFT_STANDARD_LIBRARIES = YES;
				CODE_SIGN_STYLE = Automatic;
				INFOPLIST_FILE = WbooksUITests/Info.plist;
				LD_RUNPATH_SEARCH_PATHS = (
					"$(inherited)",
					"@executable_path/Frameworks",
					"@loader_path/Frameworks",
				);
				PRODUCT_BUNDLE_IDENTIFIER = com.example.WbooksUITests;
				PRODUCT_NAME = "$(TARGET_NAME)";
				SWIFT_VERSION = 5.0;
				TARGETED_DEVICE_FAMILY = "1,2";
				TEST_TARGET_NAME = Wbooks;
			};
			name = Release;
		};
/* End XCBuildConfiguration section */

/* Begin XCConfigurationList section */
		A054A594261B4AC40092926E /* Build configuration list for PBXProject "Wbooks" */ = {
			isa = XCConfigurationList;
			buildConfigurations = (
				A054A5C1261B4AC50092926E /* Debug */,
				A054A5C2261B4AC50092926E /* Release */,
			);
			defaultConfigurationIsVisible = 0;
			defaultConfigurationName = Release;
		};
		A054A5C3261B4AC50092926E /* Build configuration list for PBXNativeTarget "Wbooks" */ = {
			isa = XCConfigurationList;
			buildConfigurations = (
				A054A5C4261B4AC50092926E /* Debug */,
				A054A5C5261B4AC50092926E /* Release */,
			);
			defaultConfigurationIsVisible = 0;
			defaultConfigurationName = Release;
		};
		A054A5C6261B4AC50092926E /* Build configuration list for PBXNativeTarget "WbooksTests" */ = {
			isa = XCConfigurationList;
			buildConfigurations = (
				A054A5C7261B4AC50092926E /* Debug */,
				A054A5C8261B4AC50092926E /* Release */,
			);
			defaultConfigurationIsVisible = 0;
			defaultConfigurationName = Release;
		};
		A054A5C9261B4AC50092926E /* Build configuration list for PBXNativeTarget "WbooksUITests" */ = {
			isa = XCConfigurationList;
			buildConfigurations = (
				A054A5CA261B4AC50092926E /* Debug */,
				A054A5CB261B4AC50092926E /* Release */,
			);
			defaultConfigurationIsVisible = 0;
			defaultConfigurationName = Release;
		};
/* End XCConfigurationList section */
	};
	rootObject = A054A591261B4AC40092926E /* Project object */;
}
